
Microsoft Visual Studio Solution File, Format Version 12.00
# Visual Studio 2013
VisualStudioVersion = 12.0.21005.1
MinimumVisualStudioVersion = 10.0.40219.1
Project("{FAE04EC0-301F-11D3-BF4B-00C04F79EFBC}") = "MvcApplication1", "MvcApplication1\MvcApplication1.csproj", "{D6ECC7D6-AD85-4EDB-A1F6-960AE9267053}"
EndProject
Project("{FAE04EC0-301F-11D3-BF4B-00C04F79EFBC}") = "MvcApplication1.Test", "MvcApplication1.Test\MvcApplication1.Test.csproj", "{AB1640DA-6C88-4C0B-B859-6F942ECCAEDE}"
EndProject
Global
	GlobalSection(SolutionConfigurationPlatforms) = preSolution
		Debug|Any CPU = Debug|Any CPU
		Release|Any CPU = Release|Any CPU
	EndGlobalSection
	GlobalSection(ProjectConfigurationPlatforms) = postSolution
		{D6ECC7D6-AD85-4EDB-A1F6-960AE9267053}.Debug|Any CPU.ActiveCfg = Debug|Any CPU
		{D6ECC7D6-AD85-4EDB-A1F6-960AE9267053}.Debug|Any CPU.Build.0 = Debug|Any CPU
		{D6ECC7D6-AD85-4EDB-A1F6-960AE9267053}.Release|Any CPU.ActiveCfg = Release|Any CPU
		{D6ECC7D6-AD85-4EDB-A1F6-960AE9267053}.Release|Any CPU.Build.0 = Release|Any CPU
		{AB1640DA-6C88-4C0B-B859-6F942ECCAEDE}.Debug|Any CPU.ActiveCfg = Debug|Any CPU
		{AB1640DA-6C88-4C0B-B859-6F942ECCAEDE}.Debug|Any CPU.Build.0 = Debug|Any CPU
		{AB1640DA-6C88-4C0B-B859-6F942ECCAEDE}.Release|Any CPU.ActiveCfg = Release|Any CPU
		{AB1640DA-6C88-4C0B-B859-6F942ECCAEDE}.Release|Any CPU.Build.0 = Release|Any CPU
	EndGlobalSection
	GlobalSection(SolutionProperties) = preSolution
		HideSolutionNode = FALSE
	EndGlobalSection
EndGlobal
